
Microsoft Visual Studio Solution File, Format Version 12.00
# Visual Studio Version 16
VisualStudioVersion = 16.0.33027.164
MinimumVisualStudioVersion = 10.0.40219.1
Project("{FAE04EC0-301F-11D3-BF4B-00C04F79EFBC}") = "Geocoding_App", "Geocoding_App.csproj", "{3BF45DBE-5962-4941-904C-5D0375F618FE}"
EndProject
Global
	GlobalSection(SolutionConfigurationPlatforms) = preSolution
		Debug|Any CPU = Debug|Any CPU
		Release|Any CPU = Release|Any CPU
	EndGlobalSection
	GlobalSection(ProjectConfigurationPlatforms) = postSolution
		{3BF45DBE-5962-4941-904C-5D0375F618FE}.Debug|Any CPU.ActiveCfg = Debug|Any CPU
		{3BF45DBE-5962-4941-904C-5D0375F618FE}.Debug|Any CPU.Build.0 = Debug|Any CPU
		{3BF45DBE-5962-4941-904C-5D0375F618FE}.Release|Any CPU.ActiveCfg = Release|Any CPU
		{3BF45DBE-5962-4941-904C-5D0375F618FE}.Release|Any CPU.Build.0 = Release|Any CPU
	EndGlobalSection
	GlobalSection(SolutionProperties) = preSolution
		HideSolutionNode = FALSE
	EndGlobalSection
	GlobalSection(ExtensibilityGlobals) = postSolution
		SolutionGuid = {661747A6-4DE6-41AE-9B31-3BAD2F8A0983}
	EndGlobalSection
EndGlobal
